
Microsoft Visual Studio Solution File, Format Version 12.00
# Visual Studio Version 16
VisualStudioVersion = 16.0.29519.181
MinimumVisualStudioVersion = 10.0.40219.1
Project("{9A19103F-16F7-4668-BE54-9A1E7A4F7556}") = "Fsmb.Apis.Fcvs.Sample", "Fsmb.Apis.Fcvs.Sample\Fsmb.Apis.Fcvs.Sample.csproj", "{640F21B5-069D-4C85-8854-A4D4DB881EF9}"
EndProject
Project("{9A19103F-16F7-4668-BE54-9A1E7A4F7556}") = "Fsmb.Apis.Fcvs.Clients", "Fsmb.Apis.Fcvs.Clients\Fsmb.Apis.Fcvs.Clients.csproj", "{D3F9BFF6-3C0B-4C17-B451-EAF5A70A83EE}"
EndProject
Global
	GlobalSection(SolutionConfigurationPlatforms) = preSolution
		Debug|Any CPU = Debug|Any CPU
		Release|Any CPU = Release|Any CPU
	EndGlobalSection
	GlobalSection(ProjectConfigurationPlatforms) = postSolution
		{640F21B5-069D-4C85-8854-A4D4DB881EF9}.Debug|Any CPU.ActiveCfg = Debug|Any CPU
		{640F21B5-069D-4C85-8854-A4D4DB881EF9}.Debug|Any CPU.Build.0 = Debug|Any CPU
		{640F21B5-069D-4C85-8854-A4D4DB881EF9}.Release|Any CPU.ActiveCfg = Release|Any CPU
		{640F21B5-069D-4C85-8854-A4D4DB881EF9}.Release|Any CPU.Build.0 = Release|Any CPU
		{D3F9BFF6-3C0B-4C17-B451-EAF5A70A83EE}.Debug|Any CPU.ActiveCfg = Debug|Any CPU
		{D3F9BFF6-3C0B-4C17-B451-EAF5A70A83EE}.Debug|Any CPU.Build.0 = Debug|Any CPU
		{D3F9BFF6-3C0B-4C17-B451-EAF5A70A83EE}.Release|Any CPU.ActiveCfg = Release|Any CPU
		{D3F9BFF6-3C0B-4C17-B451-EAF5A70A83EE}.Release|Any CPU.Build.0 = Release|Any CPU
	EndGlobalSection
	GlobalSection(SolutionProperties) = preSolution
		HideSolutionNode = FALSE
	EndGlobalSection
	GlobalSection(ExtensibilityGlobals) = postSolution
		SolutionGuid = {10F675FE-A047-49D6-99E3-0A2BD99F053E}
	EndGlobalSection
EndGlobal
