
Microsoft Visual Studio Solution File, Format Version 12.00
# Visual Studio Version 16
VisualStudioVersion = 16.0.29519.181
MinimumVisualStudioVersion = 10.0.40219.1
Project("{9A19103F-16F7-4668-BE54-9A1E7A4F7556}") = "FcvsApiSample.Clients", "FcvsApiSample.Clients\FcvsApiSample.Clients.csproj", "{8034B88B-425D-4F7B-BEC1-AFA2C78B5FD1}"
EndProject
Project("{9A19103F-16F7-4668-BE54-9A1E7A4F7556}") = "FcvsApiSample.Program", "FcvsApiSample.Program\FcvsApiSample.Program.csproj", "{56BAB07E-E29A-4A0B-8E95-55C4CCF1BCCB}"
EndProject
Global
	GlobalSection(SolutionConfigurationPlatforms) = preSolution
		Debug|Any CPU = Debug|Any CPU
		Release|Any CPU = Release|Any CPU
	EndGlobalSection
	GlobalSection(ProjectConfigurationPlatforms) = postSolution
		{8034B88B-425D-4F7B-BEC1-AFA2C78B5FD1}.Debug|Any CPU.ActiveCfg = Debug|Any CPU
		{8034B88B-425D-4F7B-BEC1-AFA2C78B5FD1}.Debug|Any CPU.Build.0 = Debug|Any CPU
		{8034B88B-425D-4F7B-BEC1-AFA2C78B5FD1}.Release|Any CPU.ActiveCfg = Release|Any CPU
		{8034B88B-425D-4F7B-BEC1-AFA2C78B5FD1}.Release|Any CPU.Build.0 = Release|Any CPU
		{56BAB07E-E29A-4A0B-8E95-55C4CCF1BCCB}.Debug|Any CPU.ActiveCfg = Debug|Any CPU
		{56BAB07E-E29A-4A0B-8E95-55C4CCF1BCCB}.Debug|Any CPU.Build.0 = Debug|Any CPU
		{56BAB07E-E29A-4A0B-8E95-55C4CCF1BCCB}.Release|Any CPU.ActiveCfg = Release|Any CPU
		{56BAB07E-E29A-4A0B-8E95-55C4CCF1BCCB}.Release|Any CPU.Build.0 = Release|Any CPU
	EndGlobalSection
	GlobalSection(SolutionProperties) = preSolution
		HideSolutionNode = FALSE
	EndGlobalSection
	GlobalSection(ExtensibilityGlobals) = postSolution
		SolutionGuid = {10F675FE-A047-49D6-99E3-0A2BD99F053E}
	EndGlobalSection
EndGlobal
